// !$*UTF8*$!
{
	archiveVersion = 1;
	classes = {
	};
	objectVersion = 56;
	objects = {

/* Begin PBXBuildFile section */
		6EE79592866C2813643DF5A1 /* Pods_GweilandApp.framework in Frameworks */ = {isa = PBXBuildFile; fileRef = 4083D16D07E52DB00CB4BA61 /* Pods_GweilandApp.framework */; };
		F1192B792B0635FD0098E6CA /* Data.swift in Sources */ = {isa = PBXBuildFile; fileRef = F1192B742B0635FD0098E6CA /* Data.swift */; };
		F1192B7A2B0635FD0098E6CA /* Quote.swift in Sources */ = {isa = PBXBuildFile; fileRef = F1192B752B0635FD0098E6CA /* Quote.swift */; };
		F1192B7B2B0635FD0098E6CA /* Status.swift in Sources */ = {isa = PBXBuildFile; fileRef = F1192B762B0635FD0098E6CA /* Status.swift */; };
		F1192B7C2B0635FD0098E6CA /* CryptoList.swift in Sources */ = {isa = PBXBuildFile; fileRef = F1192B772B0635FD0098E6CA /* CryptoList.swift */; };
		F1192B7D2B0635FD0098E6CA /* USD.swift in Sources */ = {isa = PBXBuildFile; fileRef = F1192B782B0635FD0098E6CA /* USD.swift */; };
		F1192B7F2B0636210098E6CA /* ExchangeViewController.swift in Sources */ = {isa = PBXBuildFile; fileRef = F1192B7E2B0636210098E6CA /* ExchangeViewController.swift */; };
		F1192B832B064D100098E6CA /* CryptoListTableViewCell.swift in Sources */ = {isa = PBXBuildFile; fileRef = F1192B812B064D100098E6CA /* CryptoListTableViewCell.swift */; };
		F1192B842B064D100098E6CA /* CryptoListTableViewCell.xib in Resources */ = {isa = PBXBuildFile; fileRef = F1192B822B064D100098E6CA /* CryptoListTableViewCell.xib */; };
		F1192B862B0653390098E6CA /* ApiClient.swift in Sources */ = {isa = PBXBuildFile; fileRef = F1192B852B0653390098E6CA /* ApiClient.swift */; };
		F1A47EE12B05041A004420A7 /* AppDelegate.swift in Sources */ = {isa = PBXBuildFile; fileRef = F1A47EE02B05041A004420A7 /* AppDelegate.swift */; };
		F1A47EE32B05041A004420A7 /* SceneDelegate.swift in Sources */ = {isa = PBXBuildFile; fileRef = F1A47EE22B05041A004420A7 /* SceneDelegate.swift */; };
		F1A47EE52B05041A004420A7 /* ViewController.swift in Sources */ = {isa = PBXBuildFile; fileRef = F1A47EE42B05041A004420A7 /* ViewController.swift */; };
		F1A47EE82B05041A004420A7 /* Main.storyboard in Resources */ = {isa = PBXBuildFile; fileRef = F1A47EE62B05041A004420A7 /* Main.storyboard */; };
		F1A47EEA2B05041B004420A7 /* Assets.xcassets in Resources */ = {isa = PBXBuildFile; fileRef = F1A47EE92B05041B004420A7 /* Assets.xcassets */; };
		F1A47EED2B05041B004420A7 /* LaunchScreen.storyboard in Resources */ = {isa = PBXBuildFile; fileRef = F1A47EEB2B05041B004420A7 /* LaunchScreen.storyboard */; };
		F1C371C72B07B0D900B5DBAD /* ExchangeViewModel.swift in Sources */ = {isa = PBXBuildFile; fileRef = F1C371C62B07B0D900B5DBAD /* ExchangeViewModel.swift */; };
		F1C49A712B071D1A00BC543A /* CoinMetaData.swift in Sources */ = {isa = PBXBuildFile; fileRef = F1C49A702B071D1A00BC543A /* CoinMetaData.swift */; };
/* End PBXBuildFile section */

/* Begin PBXFileReference section */
		4083D16D07E52DB00CB4BA61 /* Pods_GweilandApp.framework */ = {isa = PBXFileReference; explicitFileType = wrapper.framework; includeInIndex = 0; path = Pods_GweilandApp.framework; sourceTree = BUILT_PRODUCTS_DIR; };
		9ACE154AFB7C9FA7AED94526 /* Pods-GweilandApp.debug.xcconfig */ = {isa = PBXFileReference; includeInIndex = 1; lastKnownFileType = text.xcconfig; name = "Pods-GweilandApp.debug.xcconfig"; path = "Target Support Files/Pods-GweilandApp/Pods-GweilandApp.debug.xcconfig"; sourceTree = "<group>"; };
		C2B9C543C691A261BAB19EB8 /* Pods-GweilandApp.release.xcconfig */ = {isa = PBXFileReference; includeInIndex = 1; lastKnownFileType = text.xcconfig; name = "Pods-GweilandApp.release.xcconfig"; path = "Target Support Files/Pods-GweilandApp/Pods-GweilandApp.release.xcconfig"; sourceTree = "<group>"; };
		F1192B742B0635FD0098E6CA /* Data.swift */ = {isa = PBXFileReference; fileEncoding = 4; lastKnownFileType = sourcecode.swift; path = Data.swift; sourceTree = "<group>"; };
		F1192B752B0635FD0098E6CA /* Quote.swift */ = {isa = PBXFileReference; fileEncoding = 4; lastKnownFileType = sourcecode.swift; path = Quote.swift; sourceTree = "<group>"; };
		F1192B762B0635FD0098E6CA /* Status.swift */ = {isa = PBXFileReference; fileEncoding = 4; lastKnownFileType = sourcecode.swift; path = Status.swift; sourceTree = "<group>"; };
		F1192B772B0635FD0098E6CA /* CryptoList.swift */ = {isa = PBXFileReference; fileEncoding = 4; lastKnownFileType = sourcecode.swift; path = CryptoList.swift; sourceTree = "<group>"; };
		F1192B782B0635FD0098E6CA /* USD.swift */ = {isa = PBXFileReference; fileEncoding = 4; lastKnownFileType = sourcecode.swift; path = USD.swift; sourceTree = "<group>"; };
		F1192B7E2B0636210098E6CA /* ExchangeViewController.swift */ = {isa = PBXFileReference; lastKnownFileType = sourcecode.swift; path = ExchangeViewController.swift; sourceTree = "<group>"; };
		F1192B812B064D100098E6CA /* CryptoListTableViewCell.swift */ = {isa = PBXFileReference; lastKnownFileType = sourcecode.swift; path = CryptoListTableViewCell.swift; sourceTree = "<group>"; };
		F1192B822B064D100098E6CA /* CryptoListTableViewCell.xib */ = {isa = PBXFileReference; lastKnownFileType = file.xib; path = CryptoListTableViewCell.xib; sourceTree = "<group>"; };
		F1192B852B0653390098E6CA /* ApiClient.swift */ = {isa = PBXFileReference; lastKnownFileType = sourcecode.swift; path = ApiClient.swift; sourceTree = "<group>"; };
		F1A47EDD2B05041A004420A7 /* GweilandApp.app */ = {isa = PBXFileReference; explicitFileType = wrapper.application; includeInIndex = 0; path = GweilandApp.app; sourceTree = BUILT_PRODUCTS_DIR; };
		F1A47EE02B05041A004420A7 /* AppDelegate.swift */ = {isa = PBXFileReference; lastKnownFileType = sourcecode.swift; path = AppDelegate.swift; sourceTree = "<group>"; };
		F1A47EE22B05041A004420A7 /* SceneDelegate.swift */ = {isa = PBXFileReference; lastKnownFileType = sourcecode.swift; path = SceneDelegate.swift; sourceTree = "<group>"; };
		F1A47EE42B05041A004420A7 /* ViewController.swift */ = {isa = PBXFileReference; lastKnownFileType = sourcecode.swift; path = ViewController.swift; sourceTree = "<group>"; };
		F1A47EE72B05041A004420A7 /* Base */ = {isa = PBXFileReference; lastKnownFileType = file.storyboard; name = Base; path = Base.lproj/Main.storyboard; sourceTree = "<group>"; };
		F1A47EE92B05041B004420A7 /* Assets.xcassets */ = {isa = PBXFileReference; lastKnownFileType = folder.assetcatalog; path = Assets.xcassets; sourceTree = "<group>"; };
		F1A47EEC2B05041B004420A7 /* Base */ = {isa = PBXFileReference; lastKnownFileType = file.storyboard; name = Base; path = Base.lproj/LaunchScreen.storyboard; sourceTree = "<group>"; };
		F1A47EEE2B05041B004420A7 /* Info.plist */ = {isa = PBXFileReference; lastKnownFileType = text.plist.xml; path = Info.plist; sourceTree = "<group>"; };
		F1C371C62B07B0D900B5DBAD /* ExchangeViewModel.swift */ = {isa = PBXFileReference; lastKnownFileType = sourcecode.swift; path = ExchangeViewModel.swift; sourceTree = "<group>"; };
		F1C49A702B071D1A00BC543A /* CoinMetaData.swift */ = {isa = PBXFileReference; lastKnownFileType = sourcecode.swift; path = CoinMetaData.swift; sourceTree = "<group>"; };
/* End PBXFileReference section */

/* Begin PBXFrameworksBuildPhase section */
		F1A47EDA2B05041A004420A7 /* Frameworks */ = {
			isa = PBXFrameworksBuildPhase;
			buildActionMask = 2147483647;
			files = (
				6EE79592866C2813643DF5A1 /* Pods_GweilandApp.framework in Frameworks */,
			);
			runOnlyForDeploymentPostprocessing = 0;
		};
/* End PBXFrameworksBuildPhase section */

/* Begin PBXGroup section */
		3DAB01E4E980C7925298C726 /* Pods */ = {
			isa = PBXGroup;
			children = (
				9ACE154AFB7C9FA7AED94526 /* Pods-GweilandApp.debug.xcconfig */,
				C2B9C543C691A261BAB19EB8 /* Pods-GweilandApp.release.xcconfig */,
			);
			path = Pods;
			sourceTree = "<group>";
		};
		BBF04C0DBCDC57F3DF18BE7C /* Frameworks */ = {
			isa = PBXGroup;
			children = (
				4083D16D07E52DB00CB4BA61 /* Pods_GweilandApp.framework */,
			);
			name = Frameworks;
			sourceTree = "<group>";
		};
		F1192B732B0635FD0098E6CA /* Models */ = {
			isa = PBXGroup;
			children = (
				F1192B742B0635FD0098E6CA /* Data.swift */,
				F1192B752B0635FD0098E6CA /* Quote.swift */,
				F1192B762B0635FD0098E6CA /* Status.swift */,
				F1192B772B0635FD0098E6CA /* CryptoList.swift */,
				F1192B782B0635FD0098E6CA /* USD.swift */,
				F1C49A702B071D1A00BC543A /* CoinMetaData.swift */,
			);
			path = Models;
			sourceTree = "<group>";
		};
		F1192B802B064CD30098E6CA /* View */ = {
			isa = PBXGroup;
			children = (
				F1192B812B064D100098E6CA /* CryptoListTableViewCell.swift */,
				F1192B822B064D100098E6CA /* CryptoListTableViewCell.xib */,
			);
			path = View;
			sourceTree = "<group>";
		};
		F1A47ED42B05041A004420A7 = {
			isa = PBXGroup;
			children = (
				F1A47EDF2B05041A004420A7 /* GweilandApp */,
				F1A47EDE2B05041A004420A7 /* Products */,
				3DAB01E4E980C7925298C726 /* Pods */,
				BBF04C0DBCDC57F3DF18BE7C /* Frameworks */,
			);
			sourceTree = "<group>";
		};
		F1A47EDE2B05041A004420A7 /* Products */ = {
			isa = PBXGroup;
			children = (
				F1A47EDD2B05041A004420A7 /* GweilandApp.app */,
			);
			name = Products;
			sourceTree = "<group>";
		};
		F1A47EDF2B05041A004420A7 /* GweilandApp */ = {
			isa = PBXGroup;
			children = (
				F1C49A6F2B0719FC00BC543A /* Utility */,
				F1192B802B064CD30098E6CA /* View */,
				F1192B732B0635FD0098E6CA /* Models */,
				F1A47EE02B05041A004420A7 /* AppDelegate.swift */,
				F1A47EE22B05041A004420A7 /* SceneDelegate.swift */,
				F1A47EE42B05041A004420A7 /* ViewController.swift */,
				F1192B7E2B0636210098E6CA /* ExchangeViewController.swift */,
				F1A47EE62B05041A004420A7 /* Main.storyboard */,
				F1A47EE92B05041B004420A7 /* Assets.xcassets */,
				F1A47EEB2B05041B004420A7 /* LaunchScreen.storyboard */,
				F1A47EEE2B05041B004420A7 /* Info.plist */,
				F1C371C62B07B0D900B5DBAD /* ExchangeViewModel.swift */,
			);
			path = GweilandApp;
			sourceTree = "<group>";
		};
		F1C49A6F2B0719FC00BC543A /* Utility */ = {
			isa = PBXGroup;
			children = (
				F1192B852B0653390098E6CA /* ApiClient.swift */,
			);
			path = Utility;
			sourceTree = "<group>";
		};
/* End PBXGroup section */

/* Begin PBXNativeTarget section */
		F1A47EDC2B05041A004420A7 /* GweilandApp */ = {
			isa = PBXNativeTarget;
			buildConfigurationList = F1A47EF12B05041B004420A7 /* Build configuration list for PBXNativeTarget "GweilandApp" */;
			buildPhases = (
				9752EE7120B148C8DDB5EC9B /* [CP] Check Pods Manifest.lock */,
				F1A47ED92B05041A004420A7 /* Sources */,
				F1A47EDA2B05041A004420A7 /* Frameworks */,
				F1A47EDB2B05041A004420A7 /* Resources */,
				042ACD6F2DA39C46BFD24B08 /* [CP] Embed Pods Frameworks */,
			);
			buildRules = (
			);
			dependencies = (
			);
			name = GweilandApp;
			productName = GweilandApp;
			productReference = F1A47EDD2B05041A004420A7 /* GweilandApp.app */;
			productType = "com.apple.product-type.application";
		};
/* End PBXNativeTarget section */

/* Begin PBXProject section */
		F1A47ED52B05041A004420A7 /* Project object */ = {
			isa = PBXProject;
			attributes = {
				BuildIndependentTargetsInParallel = 1;
				LastSwiftUpdateCheck = 1500;
				LastUpgradeCheck = 1500;
				TargetAttributes = {
					F1A47EDC2B05041A004420A7 = {
						CreatedOnToolsVersion = 15.0.1;
					};
				};
			};
			buildConfigurationList = F1A47ED82B05041A004420A7 /* Build configuration list for PBXProject "GweilandApp" */;
			compatibilityVersion = "Xcode 14.0";
			developmentRegion = en;
			hasScannedForEncodings = 0;
			knownRegions = (
				en,
				Base,
			);
			mainGroup = F1A47ED42B05041A004420A7;
			productRefGroup = F1A47EDE2B05041A004420A7 /* Products */;
			projectDirPath = "";
			projectRoot = "";
			targets = (
				F1A47EDC2B05041A004420A7 /* GweilandApp */,
			);
		};
/* End PBXProject section */

/* Begin PBXResourcesBuildPhase section */
		F1A47EDB2B05041A004420A7 /* Resources */ = {
			isa = PBXResourcesBuildPhase;
			buildActionMask = 2147483647;
			files = (
				F1192B842B064D100098E6CA /* CryptoListTableViewCell.xib in Resources */,
				F1A47EED2B05041B004420A7 /* LaunchScreen.storyboard in Resources */,
				F1A47EEA2B05041B004420A7 /* Assets.xcassets in Resources */,
				F1A47EE82B05041A004420A7 /* Main.storyboard in Resources */,
			);
			runOnlyForDeploymentPostprocessing = 0;
		};
/* End PBXResourcesBuildPhase section */

/* Begin PBXShellScriptBuildPhase section */
		042ACD6F2DA39C46BFD24B08 /* [CP] Embed Pods Frameworks */ = {
			isa = PBXShellScriptBuildPhase;
			buildActionMask = 2147483647;
			files = (
			);
			inputFileListPaths = (
				"${PODS_ROOT}/Target Support Files/Pods-GweilandApp/Pods-GweilandApp-frameworks-${CONFIGURATION}-input-files.xcfilelist",
			);
			name = "[CP] Embed Pods Frameworks";
			outputFileListPaths = (
				"${PODS_ROOT}/Target Support Files/Pods-GweilandApp/Pods-GweilandApp-frameworks-${CONFIGURATION}-output-files.xcfilelist",
			);
			runOnlyForDeploymentPostprocessing = 0;
			shellPath = /bin/sh;
			shellScript = "\"${PODS_ROOT}/Target Support Files/Pods-GweilandApp/Pods-GweilandApp-frameworks.sh\"\n";
			showEnvVarsInLog = 0;
		};
		9752EE7120B148C8DDB5EC9B /* [CP] Check Pods Manifest.lock */ = {
			isa = PBXShellScriptBuildPhase;
			buildActionMask = 2147483647;
			files = (
			);
			inputFileListPaths = (
			);
			inputPaths = (
				"${PODS_PODFILE_DIR_PATH}/Podfile.lock",
				"${PODS_ROOT}/Manifest.lock",
			);
			name = "[CP] Check Pods Manifest.lock";
			outputFileListPaths = (
			);
			outputPaths = (
				"$(DERIVED_FILE_DIR)/Pods-GweilandApp-checkManifestLockResult.txt",
			);
			runOnlyForDeploymentPostprocessing = 0;
			shellPath = /bin/sh;
			shellScript = "diff \"${PODS_PODFILE_DIR_PATH}/Podfile.lock\" \"${PODS_ROOT}/Manifest.lock\" > /dev/null\nif [ $? != 0 ] ; then\n    # print error to STDERR\n    echo \"error: The sandbox is not in sync with the Podfile.lock. Run 'pod install' or update your CocoaPods installation.\" >&2\n    exit 1\nfi\n# This output is used by Xcode 'outputs' to avoid re-running this script phase.\necho \"SUCCESS\" > \"${SCRIPT_OUTPUT_FILE_0}\"\n";
			showEnvVarsInLog = 0;
		};
/* End PBXShellScriptBuildPhase section */

/* Begin PBXSourcesBuildPhase section */
		F1A47ED92B05041A004420A7 /* Sources */ = {
			isa = PBXSourcesBuildPhase;
			buildActionMask = 2147483647;
			files = (
				F1192B862B0653390098E6CA /* ApiClient.swift in Sources */,
				F1192B7D2B0635FD0098E6CA /* USD.swift in Sources */,
				F1192B7C2B0635FD0098E6CA /* CryptoList.swift in Sources */,
				F1A47EE52B05041A004420A7 /* ViewController.swift in Sources */,
				F1A47EE12B05041A004420A7 /* AppDelegate.swift in Sources */,
				F1192B832B064D100098E6CA /* CryptoListTableViewCell.swift in Sources */,
				F1192B7F2B0636210098E6CA /* ExchangeViewController.swift in Sources */,
				F1A47EE32B05041A004420A7 /* SceneDelegate.swift in Sources */,
				F1192B7A2B0635FD0098E6CA /* Quote.swift in Sources */,
				F1192B792B0635FD0098E6CA /* Data.swift in Sources */,
				F1C371C72B07B0D900B5DBAD /* ExchangeViewModel.swift in Sources */,
				F1192B7B2B0635FD0098E6CA /* Status.swift in Sources */,
				F1C49A712B071D1A00BC543A /* CoinMetaData.swift in Sources */,
			);
			runOnlyForDeploymentPostprocessing = 0;
		};
/* End PBXSourcesBuildPhase section */

/* Begin PBXVariantGroup section */
		F1A47EE62B05041A004420A7 /* Main.storyboard */ = {
			isa = PBXVariantGroup;
			children = (
				F1A47EE72B05041A004420A7 /* Base */,
			);
			name = Main.storyboard;
			sourceTree = "<group>";
		};
		F1A47EEB2B05041B004420A7 /* LaunchScreen.storyboard */ = {
			isa = PBXVariantGroup;
			children = (
				F1A47EEC2B05041B004420A7 /* Base */,
			);
			name = LaunchScreen.storyboard;
			sourceTree = "<group>";
		};
/* End PBXVariantGroup section */

/* Begin XCBuildConfiguration section */
		F1A47EEF2B05041B004420A7 /* Debug */ = {
			isa = XCBuildConfiguration;
			buildSettings = {
				ALWAYS_SEARCH_USER_PATHS = NO;
				ASSETCATALOG_COMPILER_GENERATE_SWIFT_ASSET_SYMBOL_EXTENSIONS = YES;
				CLANG_ANALYZER_NONNULL = YES;
				CLANG_ANALYZER_NUMBER_OBJECT_CONVERSION = YES_AGGRESSIVE;
				CLANG_CXX_LANGUAGE_STANDARD = "gnu++20";
				CLANG_ENABLE_MODULES = YES;
				CLANG_ENABLE_OBJC_ARC = YES;
				CLANG_ENABLE_OBJC_WEAK = YES;
				CLANG_WARN_BLOCK_CAPTURE_AUTORELEASING = YES;
				CLANG_WARN_BOOL_CONVERSION = YES;
				CLANG_WARN_COMMA = YES;
				CLANG_WARN_CONSTANT_CONVERSION = YES;
				CLANG_WARN_DEPRECATED_OBJC_IMPLEMENTATIONS = YES;
				CLANG_WARN_DIRECT_OBJC_ISA_USAGE = YES_ERROR;
				CLANG_WARN_DOCUMENTATION_COMMENTS = YES;
				CLANG_WARN_EMPTY_BODY = YES;
				CLANG_WARN_ENUM_CONVERSION = YES;
				CLANG_WARN_INFINITE_RECURSION = YES;
				CLANG_WARN_INT_CONVERSION = YES;
				CLANG_WARN_NON_LITERAL_NULL_CONVERSION = YES;
				CLANG_WARN_OBJC_IMPLICIT_RETAIN_SELF = YES;
				CLANG_WARN_OBJC_LITERAL_CONVERSION = YES;
				CLANG_WARN_OBJC_ROOT_CLASS = YES_ERROR;
				CLANG_WARN_QUOTED_INCLUDE_IN_FRAMEWORK_HEADER = YES;
				CLANG_WARN_RANGE_LOOP_ANALYSIS = YES;
				CLANG_WARN_STRICT_PROTOTYPES = YES;
				CLANG_WARN_SUSPICIOUS_MOVE = YES;
				CLANG_WARN_UNGUARDED_AVAILABILITY = YES_AGGRESSIVE;
				CLANG_WARN_UNREACHABLE_CODE = YES;
				CLANG_WARN__DUPLICATE_METHOD_MATCH = YES;
				COPY_PHASE_STRIP = NO;
				DEBUG_INFORMATION_FORMAT = dwarf;
				ENABLE_STRICT_OBJC_MSGSEND = YES;
				ENABLE_TESTABILITY = YES;
				ENABLE_USER_SCRIPT_SANDBOXING = YES;
				GCC_C_LANGUAGE_STANDARD = gnu17;
				GCC_DYNAMIC_NO_PIC = NO;
				GCC_NO_COMMON_BLOCKS = YES;
				GCC_OPTIMIZATION_LEVEL = 0;
				GCC_PREPROCESSOR_DEFINITIONS = (
					"DEBUG=1",
					"$(inherited)",
				);
				GCC_WARN_64_TO_32_BIT_CONVERSION = YES;
				GCC_WARN_ABOUT_RETURN_TYPE = YES_ERROR;
				GCC_WARN_UNDECLARED_SELECTOR = YES;
				GCC_WARN_UNINITIALIZED_AUTOS = YES_AGGRESSIVE;
				GCC_WARN_UNUSED_FUNCTION = YES;
				GCC_WARN_UNUSED_VARIABLE = YES;
				IPHONEOS_DEPLOYMENT_TARGET = 17.0;
				LOCALIZATION_PREFERS_STRING_CATALOGS = YES;
				MTL_ENABLE_DEBUG_INFO = INCLUDE_SOURCE;
				MTL_FAST_MATH = YES;
				ONLY_ACTIVE_ARCH = YES;
				SDKROOT = iphoneos;
				SWIFT_ACTIVE_COMPILATION_CONDITIONS = "DEBUG $(inherited)";
				SWIFT_OPTIMIZATION_LEVEL = "-Onone";
			};
			name = Debug;
		};
		F1A47EF02B05041B004420A7 /* Release */ = {
			isa = XCBuildConfiguration;
			buildSettings = {
				ALWAYS_SEARCH_USER_PATHS = NO;
				ASSETCATALOG_COMPILER_GENERATE_SWIFT_ASSET_SYMBOL_EXTENSIONS = YES;
				CLANG_ANALYZER_NONNULL = YES;
				CLANG_ANALYZER_NUMBER_OBJECT_CONVERSION = YES_AGGRESSIVE;
				CLANG_CXX_LANGUAGE_STANDARD = "gnu++20";
				CLANG_ENABLE_MODULES = YES;
				CLANG_ENABLE_OBJC_ARC = YES;
				CLANG_ENABLE_OBJC_WEAK = YES;
				CLANG_WARN_BLOCK_CAPTURE_AUTORELEASING = YES;
				CLANG_WARN_BOOL_CONVERSION = YES;
				CLANG_WARN_COMMA = YES;
				CLANG_WARN_CONSTANT_CONVERSION = YES;
				CLANG_WARN_DEPRECATED_OBJC_IMPLEMENTATIONS = YES;
				CLANG_WARN_DIRECT_OBJC_ISA_USAGE = YES_ERROR;
				CLANG_WARN_DOCUMENTATION_COMMENTS = YES;
				CLANG_WARN_EMPTY_BODY = YES;
				CLANG_WARN_ENUM_CONVERSION = YES;
				CLANG_WARN_INFINITE_RECURSION = YES;
				CLANG_WARN_INT_CONVERSION = YES;
				CLANG_WARN_NON_LITERAL_NULL_CONVERSION = YES;
				CLANG_WARN_OBJC_IMPLICIT_RETAIN_SELF = YES;
				CLANG_WARN_OBJC_LITERAL_CONVERSION = YES;
				CLANG_WARN_OBJC_ROOT_CLASS = YES_ERROR;
				CLANG_WARN_QUOTED_INCLUDE_IN_FRAMEWORK_HEADER = YES;
				CLANG_WARN_RANGE_LOOP_ANALYSIS = YES;
				CLANG_WARN_STRICT_PROTOTYPES = YES;
				CLANG_WARN_SUSPICIOUS_MOVE = YES;
				CLANG_WARN_UNGUARDED_AVAILABILITY = YES_AGGRESSIVE;
				CLANG_WARN_UNREACHABLE_CODE = YES;
				CLANG_WARN__DUPLICATE_METHOD_MATCH = YES;
				COPY_PHASE_STRIP = NO;
				DEBUG_INFORMATION_FORMAT = "dwarf-with-dsym";
				ENABLE_NS_ASSERTIONS = NO;
				ENABLE_STRICT_OBJC_MSGSEND = YES;
				ENABLE_USER_SCRIPT_SANDBOXING = YES;
				GCC_C_LANGUAGE_STANDARD = gnu17;
				GCC_NO_COMMON_BLOCKS = YES;
				GCC_WARN_64_TO_32_BIT_CONVERSION = YES;
				GCC_WARN_ABOUT_RETURN_TYPE = YES_ERROR;
				GCC_WARN_UNDECLARED_SELECTOR = YES;
				GCC_WARN_UNINITIALIZED_AUTOS = YES_AGGRESSIVE;
				GCC_WARN_UNUSED_FUNCTION = YES;
				GCC_WARN_UNUSED_VARIABLE = YES;
				IPHONEOS_DEPLOYMENT_TARGET = 17.0;
				LOCALIZATION_PREFERS_STRING_CATALOGS = YES;
				MTL_ENABLE_DEBUG_INFO = NO;
				MTL_FAST_MATH = YES;
				SDKROOT = iphoneos;
				SWIFT_COMPILATION_MODE = wholemodule;
				VALIDATE_PRODUCT = YES;
			};
			name = Release;
		};
		F1A47EF22B05041B004420A7 /* Debug */ = {
			isa = XCBuildConfiguration;
			baseConfigurationReference = 9ACE154AFB7C9FA7AED94526 /* Pods-GweilandApp.debug.xcconfig */;
			buildSettings = {
				ASSETCATALOG_COMPILER_APPICON_NAME = AppIcon;
				ASSETCATALOG_COMPILER_GLOBAL_ACCENT_COLOR_NAME = AccentColor;
				CODE_SIGN_IDENTITY = "Apple Development";
				CODE_SIGN_STYLE = Automatic;
				CURRENT_PROJECT_VERSION = 1;
				DEVELOPMENT_TEAM = "";
				ENABLE_USER_SCRIPT_SANDBOXING = NO;
				GENERATE_INFOPLIST_FILE = YES;
				INFOPLIST_FILE = GweilandApp/Info.plist;
				INFOPLIST_KEY_UIApplicationSupportsIndirectInputEvents = YES;
				INFOPLIST_KEY_UILaunchStoryboardName = LaunchScreen;
				INFOPLIST_KEY_UIMainStoryboardFile = Main;
				INFOPLIST_KEY_UISupportedInterfaceOrientations_iPad = "UIInterfaceOrientationPortrait UIInterfaceOrientationPortraitUpsideDown UIInterfaceOrientationLandscapeLeft UIInterfaceOrientationLandscapeRight";
				INFOPLIST_KEY_UISupportedInterfaceOrientations_iPhone = "UIInterfaceOrientationPortrait UIInterfaceOrientationLandscapeLeft UIInterfaceOrientationLandscapeRight";
				LD_RUNPATH_SEARCH_PATHS = (
					"$(inherited)",
					"@executable_path/Frameworks",
				);
				MARKETING_VERSION = 1.0;
				PRODUCT_BUNDLE_IDENTIFIER = com.paone.GweilandApp;
				PRODUCT_NAME = "$(TARGET_NAME)";
				PROVISIONING_PROFILE_SPECIFIER = "";
				SWIFT_EMIT_LOC_STRINGS = YES;
				SWIFT_VERSION = 5.0;
				TARGETED_DEVICE_FAMILY = "1,2";
			};
			name = Debug;
		};
		F1A47EF32B05041B004420A7 /* Release */ = {
			isa = XCBuildConfiguration;
			baseConfigurationReference = C2B9C543C691A261BAB19EB8 /* Pods-GweilandApp.release.xcconfig */;
			buildSettings = {
				ASSETCATALOG_COMPILER_APPICON_NAME = AppIcon;
				ASSETCATALOG_COMPILER_GLOBAL_ACCENT_COLOR_NAME = AccentColor;
				CODE_SIGN_IDENTITY = "Apple Development";
				CODE_SIGN_STYLE = Automatic;
				CURRENT_PROJECT_VERSION = 1;
				DEVELOPMENT_TEAM = "";
				ENABLE_USER_SCRIPT_SANDBOXING = NO;
				GENERATE_INFOPLIST_FILE = YES;
				INFOPLIST_FILE = GweilandApp/Info.plist;
				INFOPLIST_KEY_UIApplicationSupportsIndirectInputEvents = YES;
				INFOPLIST_KEY_UILaunchStoryboardName = LaunchScreen;
				INFOPLIST_KEY_UIMainStoryboardFile = Main;
				INFOPLIST_KEY_UISupportedInterfaceOrientations_iPad = "UIInterfaceOrientationPortrait UIInterfaceOrientationPortraitUpsideDown UIInterfaceOrientationLandscapeLeft UIInterfaceOrientationLandscapeRight";
				INFOPLIST_KEY_UISupportedInterfaceOrientations_iPhone = "UIInterfaceOrientationPortrait UIInterfaceOrientationLandscapeLeft UIInterfaceOrientationLandscapeRight";
				LD_RUNPATH_SEARCH_PATHS = (
					"$(inherited)",
					"@executable_path/Frameworks",
				);
				MARKETING_VERSION = 1.0;
				PRODUCT_BUNDLE_IDENTIFIER = com.paone.GweilandApp;
				PRODUCT_NAME = "$(TARGET_NAME)";
				PROVISIONING_PROFILE_SPECIFIER = "";
				SWIFT_EMIT_LOC_STRINGS = YES;
				SWIFT_VERSION = 5.0;
				TARGETED_DEVICE_FAMILY = "1,2";
			};
			name = Release;
		};
/* End XCBuildConfiguration section */

/* Begin XCConfigurationList section */
		F1A47ED82B05041A004420A7 /* Build configuration list for PBXProject "GweilandApp" */ = {
			isa = XCConfigurationList;
			buildConfigurations = (
				F1A47EEF2B05041B004420A7 /* Debug */,
				F1A47EF02B05041B004420A7 /* Release */,
			);
			defaultConfigurationIsVisible = 0;
			defaultConfigurationName = Release;
		};
		F1A47EF12B05041B004420A7 /* Build configuration list for PBXNativeTarget "GweilandApp" */ = {
			isa = XCConfigurationList;
			buildConfigurations = (
				F1A47EF22B05041B004420A7 /* Debug */,
				F1A47EF32B05041B004420A7 /* Release */,
			);
			defaultConfigurationIsVisible = 0;
			defaultConfigurationName = Release;
		};
/* End XCConfigurationList section */
	};
	rootObject = F1A47ED52B05041A004420A7 /* Project object */;
}
